
Microsoft Visual Studio Solution File, Format Version 12.00
# Visual Studio Version 17
VisualStudioVersion = 17.0.31903.59
MinimumVisualStudioVersion = 10.0.40219.1
Project("{2150E333-8FDC-42A3-9474-1A3956D46DE8}") = "src", "src", "{019FBCD4-41A6-424C-8475-9EF18773C1E9}"
EndProject
Project("{FAE04EC0-301F-11D3-BF4B-00C04F79EFBC}") = "TRSB.Domain", "src\TRSB.Domain\TRSB.Domain.csproj", "{126860CD-B56A-4A52-8F41-E52F9EB13FB4}"
EndProject
Project("{FAE04EC0-301F-11D3-BF4B-00C04F79EFBC}") = "TRSB.Application", "src\TRSB.Application\TRSB.Application.csproj", "{87CCDF99-647B-490E-AD49-4F40AB29B9A6}"
EndProject
Project("{FAE04EC0-301F-11D3-BF4B-00C04F79EFBC}") = "TRSB.Infrastructure", "src\TRSB.Infrastructure\TRSB.Infrastructure.csproj", "{AA6B789F-163C-47FE-AA93-69E62D4B3AF0}"
EndProject
Project("{FAE04EC0-301F-11D3-BF4B-00C04F79EFBC}") = "TRSB.Api", "src\TRSB.Api\TRSB.Api.csproj", "{03DFD72D-C0C2-4F87-993F-71A56DC87580}"
EndProject
Project("{FAE04EC0-301F-11D3-BF4B-00C04F79EFBC}") = "TRSB.Web", "src\TRSB.Web\TRSB.Web.csproj", "{F09CDC91-2CB1-4399-88F9-3FFC925DBF90}"
EndProject
Project("{2150E333-8FDC-42A3-9474-1A3956D46DE8}") = "tests", "tests", "{12D90510-1304-4EA0-B8F1-77ADE2FF2A0E}"
EndProject
Project("{FAE04EC0-301F-11D3-BF4B-00C04F79EFBC}") = "TRSB.Api.Tests", "tests\TRSB.Api.Tests\TRSB.Api.Tests.csproj", "{12DD682D-1BE4-45FD-84F8-0534190CBA0E}"
EndProject
Project("{FAE04EC0-301F-11D3-BF4B-00C04F79EFBC}") = "TRSB.Domain.Tests", "tests\TRSB.Domain.Tests\TRSB.Domain.Tests.csproj", "{2CAB9352-393E-4135-9616-2183CD1F1BB9}"
EndProject
Project("{FAE04EC0-301F-11D3-BF4B-00C04F79EFBC}") = "TRSB.Application.Tests", "tests\TRSB.Application.Tests\TRSB.Application.Tests.csproj", "{FC172FEF-25D4-4D15-A149-CD5C80F1B39A}"
EndProject
Project("{FAE04EC0-301F-11D3-BF4B-00C04F79EFBC}") = "TRSB.Infrastructure.Tests", "tests\TRSB.Infrastructure.Tests\TRSB.Infrastructure.Tests.csproj", "{4AC064B4-85B3-4C45-8650-B09B05C98013}"
EndProject
Global
	GlobalSection(SolutionConfigurationPlatforms) = preSolution
		Debug|Any CPU = Debug|Any CPU
		Release|Any CPU = Release|Any CPU
	EndGlobalSection
	GlobalSection(SolutionProperties) = preSolution
		HideSolutionNode = FALSE
	EndGlobalSection
	GlobalSection(ProjectConfigurationPlatforms) = postSolution
		{126860CD-B56A-4A52-8F41-E52F9EB13FB4}.Debug|Any CPU.ActiveCfg = Debug|Any CPU
		{126860CD-B56A-4A52-8F41-E52F9EB13FB4}.Debug|Any CPU.Build.0 = Debug|Any CPU
		{126860CD-B56A-4A52-8F41-E52F9EB13FB4}.Release|Any CPU.ActiveCfg = Release|Any CPU
		{126860CD-B56A-4A52-8F41-E52F9EB13FB4}.Release|Any CPU.Build.0 = Release|Any CPU
		{87CCDF99-647B-490E-AD49-4F40AB29B9A6}.Debug|Any CPU.ActiveCfg = Debug|Any CPU
		{87CCDF99-647B-490E-AD49-4F40AB29B9A6}.Debug|Any CPU.Build.0 = Debug|Any CPU
		{87CCDF99-647B-490E-AD49-4F40AB29B9A6}.Release|Any CPU.ActiveCfg = Release|Any CPU
		{87CCDF99-647B-490E-AD49-4F40AB29B9A6}.Release|Any CPU.Build.0 = Release|Any CPU
		{AA6B789F-163C-47FE-AA93-69E62D4B3AF0}.Debug|Any CPU.ActiveCfg = Debug|Any CPU
		{AA6B789F-163C-47FE-AA93-69E62D4B3AF0}.Debug|Any CPU.Build.0 = Debug|Any CPU
		{AA6B789F-163C-47FE-AA93-69E62D4B3AF0}.Release|Any CPU.ActiveCfg = Release|Any CPU
		{AA6B789F-163C-47FE-AA93-69E62D4B3AF0}.Release|Any CPU.Build.0 = Release|Any CPU
		{03DFD72D-C0C2-4F87-993F-71A56DC87580}.Debug|Any CPU.ActiveCfg = Debug|Any CPU
		{03DFD72D-C0C2-4F87-993F-71A56DC87580}.Debug|Any CPU.Build.0 = Debug|Any CPU
		{03DFD72D-C0C2-4F87-993F-71A56DC87580}.Release|Any CPU.ActiveCfg = Release|Any CPU
		{03DFD72D-C0C2-4F87-993F-71A56DC87580}.Release|Any CPU.Build.0 = Release|Any CPU
		{F09CDC91-2CB1-4399-88F9-3FFC925DBF90}.Debug|Any CPU.ActiveCfg = Debug|Any CPU
		{F09CDC91-2CB1-4399-88F9-3FFC925DBF90}.Debug|Any CPU.Build.0 = Debug|Any CPU
		{F09CDC91-2CB1-4399-88F9-3FFC925DBF90}.Release|Any CPU.ActiveCfg = Release|Any CPU
		{F09CDC91-2CB1-4399-88F9-3FFC925DBF90}.Release|Any CPU.Build.0 = Release|Any CPU
		{12DD682D-1BE4-45FD-84F8-0534190CBA0E}.Debug|Any CPU.ActiveCfg = Debug|Any CPU
		{12DD682D-1BE4-45FD-84F8-0534190CBA0E}.Debug|Any CPU.Build.0 = Debug|Any CPU
		{12DD682D-1BE4-45FD-84F8-0534190CBA0E}.Release|Any CPU.ActiveCfg = Release|Any CPU
		{12DD682D-1BE4-45FD-84F8-0534190CBA0E}.Release|Any CPU.Build.0 = Release|Any CPU
		{2CAB9352-393E-4135-9616-2183CD1F1BB9}.Debug|Any CPU.ActiveCfg = Debug|Any CPU
		{2CAB9352-393E-4135-9616-2183CD1F1BB9}.Debug|Any CPU.Build.0 = Debug|Any CPU
		{2CAB9352-393E-4135-9616-2183CD1F1BB9}.Release|Any CPU.ActiveCfg = Release|Any CPU
		{2CAB9352-393E-4135-9616-2183CD1F1BB9}.Release|Any CPU.Build.0 = Release|Any CPU
		{FC172FEF-25D4-4D15-A149-CD5C80F1B39A}.Debug|Any CPU.ActiveCfg = Debug|Any CPU
		{FC172FEF-25D4-4D15-A149-CD5C80F1B39A}.Debug|Any CPU.Build.0 = Debug|Any CPU
		{FC172FEF-25D4-4D15-A149-CD5C80F1B39A}.Release|Any CPU.ActiveCfg = Release|Any CPU
		{FC172FEF-25D4-4D15-A149-CD5C80F1B39A}.Release|Any CPU.Build.0 = Release|Any CPU
		{4AC064B4-85B3-4C45-8650-B09B05C98013}.Debug|Any CPU.ActiveCfg = Debug|Any CPU
		{4AC064B4-85B3-4C45-8650-B09B05C98013}.Debug|Any CPU.Build.0 = Debug|Any CPU
		{4AC064B4-85B3-4C45-8650-B09B05C98013}.Release|Any CPU.ActiveCfg = Release|Any CPU
		{4AC064B4-85B3-4C45-8650-B09B05C98013}.Release|Any CPU.Build.0 = Release|Any CPU
	EndGlobalSection
	GlobalSection(NestedProjects) = preSolution
		{126860CD-B56A-4A52-8F41-E52F9EB13FB4} = {019FBCD4-41A6-424C-8475-9EF18773C1E9}
		{87CCDF99-647B-490E-AD49-4F40AB29B9A6} = {019FBCD4-41A6-424C-8475-9EF18773C1E9}
		{AA6B789F-163C-47FE-AA93-69E62D4B3AF0} = {019FBCD4-41A6-424C-8475-9EF18773C1E9}
		{03DFD72D-C0C2-4F87-993F-71A56DC87580} = {019FBCD4-41A6-424C-8475-9EF18773C1E9}
		{F09CDC91-2CB1-4399-88F9-3FFC925DBF90} = {019FBCD4-41A6-424C-8475-9EF18773C1E9}
		{12DD682D-1BE4-45FD-84F8-0534190CBA0E} = {12D90510-1304-4EA0-B8F1-77ADE2FF2A0E}
		{2CAB9352-393E-4135-9616-2183CD1F1BB9} = {12D90510-1304-4EA0-B8F1-77ADE2FF2A0E}
		{FC172FEF-25D4-4D15-A149-CD5C80F1B39A} = {12D90510-1304-4EA0-B8F1-77ADE2FF2A0E}
		{4AC064B4-85B3-4C45-8650-B09B05C98013} = {12D90510-1304-4EA0-B8F1-77ADE2FF2A0E}
	EndGlobalSection
EndGlobal
